
Microsoft Visual Studio Solution File, Format Version 12.00
# Visual Studio Version 17
VisualStudioVersion = 17.1.32228.430
MinimumVisualStudioVersion = 10.0.40219.1
Project("{FAE04EC0-301F-11D3-BF4B-00C04F79EFBC}") = "SuperNovaSerialPortWebSocket", "SuperNovaSerialPortWebSocket\SuperNovaSerialPortWebSocket.csproj", "{115B3F43-6D16-4282-89D3-F452168C34FA}"
EndProject
Global
	GlobalSection(SolutionConfigurationPlatforms) = preSolution
		Debug|Any CPU = Debug|Any CPU
		Release|Any CPU = Release|Any CPU
	EndGlobalSection
	GlobalSection(ProjectConfigurationPlatforms) = postSolution
		{115B3F43-6D16-4282-89D3-F452168C34FA}.Debug|Any CPU.ActiveCfg = Debug|Any CPU
		{115B3F43-6D16-4282-89D3-F452168C34FA}.Debug|Any CPU.Build.0 = Debug|Any CPU
		{115B3F43-6D16-4282-89D3-F452168C34FA}.Release|Any CPU.ActiveCfg = Release|Any CPU
		{115B3F43-6D16-4282-89D3-F452168C34FA}.Release|Any CPU.Build.0 = Release|Any CPU
	EndGlobalSection
	GlobalSection(SolutionProperties) = preSolution
		HideSolutionNode = FALSE
	EndGlobalSection
	GlobalSection(ExtensibilityGlobals) = postSolution
		SolutionGuid = {6A435025-A51A-45AF-B7A4-BC059A9479AC}
	EndGlobalSection
EndGlobal
